
Microsoft Visual Studio Solution File, Format Version 12.00
# Visual Studio Version 16
VisualStudioVersion = 16.0.32126.315
MinimumVisualStudioVersion = 10.0.40219.1
Project("{9A19103F-16F7-4668-BE54-9A1E7A4F7556}") = "ConsoleApp", "ConsoleApp.csproj", "{4E643361-E086-421A-B186-6042E8F03B59}"
EndProject
Project("{FAE04EC0-301F-11D3-BF4B-00C04F79EFBC}") = "CalculatorTests", "tests\CalculatorTests\CalculatorTests.csproj", "{0BD82548-92D4-4320-B623-C22D03B3DE8C}"
EndProject
Global
	GlobalSection(SolutionConfigurationPlatforms) = preSolution
		Debug|Any CPU = Debug|Any CPU
		Release|Any CPU = Release|Any CPU
	EndGlobalSection
	GlobalSection(ProjectConfigurationPlatforms) = postSolution
		{4E643361-E086-421A-B186-6042E8F03B59}.Debug|Any CPU.ActiveCfg = Debug|Any CPU
		{4E643361-E086-421A-B186-6042E8F03B59}.Debug|Any CPU.Build.0 = Debug|Any CPU
		{4E643361-E086-421A-B186-6042E8F03B59}.Release|Any CPU.ActiveCfg = Release|Any CPU
		{4E643361-E086-421A-B186-6042E8F03B59}.Release|Any CPU.Build.0 = Release|Any CPU
		{0BD82548-92D4-4320-B623-C22D03B3DE8C}.Debug|Any CPU.ActiveCfg = Debug|Any CPU
		{0BD82548-92D4-4320-B623-C22D03B3DE8C}.Debug|Any CPU.Build.0 = Debug|Any CPU
		{0BD82548-92D4-4320-B623-C22D03B3DE8C}.Release|Any CPU.ActiveCfg = Release|Any CPU
		{0BD82548-92D4-4320-B623-C22D03B3DE8C}.Release|Any CPU.Build.0 = Release|Any CPU
	EndGlobalSection
	GlobalSection(SolutionProperties) = preSolution
		HideSolutionNode = FALSE
	EndGlobalSection
	GlobalSection(ExtensibilityGlobals) = postSolution
		SolutionGuid = {78F0B5FC-F708-47F3-81EF-1D868C7E32C9}
	EndGlobalSection
EndGlobal
